
Microsoft Visual Studio Solution File, Format Version 12.00
# Visual Studio Version 17
VisualStudioVersion = 17.7.34221.43
MinimumVisualStudioVersion = 10.0.40219.1
Project("{FAE04EC0-301F-11D3-BF4B-00C04F79EFBC}") = "Gra0", "Gra0.csproj", "{1BF9875B-5920-48A2-A78E-9D804ECDD7E4}"
EndProject
Global
	GlobalSection(SolutionConfigurationPlatforms) = preSolution
		Debug|Any CPU = Debug|Any CPU
		Release|Any CPU = Release|Any CPU
	EndGlobalSection
	GlobalSection(ProjectConfigurationPlatforms) = postSolution
		{1BF9875B-5920-48A2-A78E-9D804ECDD7E4}.Debug|Any CPU.ActiveCfg = Debug|Any CPU
		{1BF9875B-5920-48A2-A78E-9D804ECDD7E4}.Debug|Any CPU.Build.0 = Debug|Any CPU
		{1BF9875B-5920-48A2-A78E-9D804ECDD7E4}.Release|Any CPU.ActiveCfg = Release|Any CPU
		{1BF9875B-5920-48A2-A78E-9D804ECDD7E4}.Release|Any CPU.Build.0 = Release|Any CPU
	EndGlobalSection
	GlobalSection(SolutionProperties) = preSolution
		HideSolutionNode = FALSE
	EndGlobalSection
	GlobalSection(ExtensibilityGlobals) = postSolution
		SolutionGuid = {356FB653-A861-4970-93B6-76A8DF32E836}
	EndGlobalSection
EndGlobal
